
Microsoft Visual Studio Solution File, Format Version 12.00
# Visual Studio 15
VisualStudioVersion = 15.0.27130.2010
MinimumVisualStudioVersion = 10.0.40219.1
Project("{FAE04EC0-301F-11D3-BF4B-00C04F79EFBC}") = "Övning11", "Övning11\Övning11.csproj", "{9FD7CACF-E2D2-4DF9-B1AD-82AD85674559}"
EndProject
Global
	GlobalSection(SolutionConfigurationPlatforms) = preSolution
		Debug|Any CPU = Debug|Any CPU
		Release|Any CPU = Release|Any CPU
	EndGlobalSection
	GlobalSection(ProjectConfigurationPlatforms) = postSolution
		{9FD7CACF-E2D2-4DF9-B1AD-82AD85674559}.Debug|Any CPU.ActiveCfg = Debug|Any CPU
		{9FD7CACF-E2D2-4DF9-B1AD-82AD85674559}.Debug|Any CPU.Build.0 = Debug|Any CPU
		{9FD7CACF-E2D2-4DF9-B1AD-82AD85674559}.Release|Any CPU.ActiveCfg = Release|Any CPU
		{9FD7CACF-E2D2-4DF9-B1AD-82AD85674559}.Release|Any CPU.Build.0 = Release|Any CPU
	EndGlobalSection
	GlobalSection(SolutionProperties) = preSolution
		HideSolutionNode = FALSE
	EndGlobalSection
	GlobalSection(ExtensibilityGlobals) = postSolution
		SolutionGuid = {4700985B-00DC-4B58-9A40-38A9A4A911AC}
	EndGlobalSection
EndGlobal
