
Microsoft Visual Studio Solution File, Format Version 12.00
# Visual Studio 15
VisualStudioVersion = 15.0.27428.2005
MinimumVisualStudioVersion = 10.0.40219.1
Project("{FAE04EC0-301F-11D3-BF4B-00C04F79EFBC}") = "EnigmaServer", "EnigmaServer\EnigmaServer.csproj", "{F69A2840-62B0-4FF7-AB90-EEFDD199C330}"
EndProject
Project("{FAE04EC0-301F-11D3-BF4B-00C04F79EFBC}") = "EnigmaClient", "EnigmaClient\EnigmaClient.csproj", "{E45B7928-1A7E-4800-8D5B-1738E56CABA9}"
EndProject
Global
	GlobalSection(SolutionConfigurationPlatforms) = preSolution
		Debug|Any CPU = Debug|Any CPU
		Release|Any CPU = Release|Any CPU
	EndGlobalSection
	GlobalSection(ProjectConfigurationPlatforms) = postSolution
		{F69A2840-62B0-4FF7-AB90-EEFDD199C330}.Debug|Any CPU.ActiveCfg = Debug|Any CPU
		{F69A2840-62B0-4FF7-AB90-EEFDD199C330}.Debug|Any CPU.Build.0 = Debug|Any CPU
		{F69A2840-62B0-4FF7-AB90-EEFDD199C330}.Release|Any CPU.ActiveCfg = Release|Any CPU
		{F69A2840-62B0-4FF7-AB90-EEFDD199C330}.Release|Any CPU.Build.0 = Release|Any CPU
		{E45B7928-1A7E-4800-8D5B-1738E56CABA9}.Debug|Any CPU.ActiveCfg = Debug|Any CPU
		{E45B7928-1A7E-4800-8D5B-1738E56CABA9}.Debug|Any CPU.Build.0 = Debug|Any CPU
		{E45B7928-1A7E-4800-8D5B-1738E56CABA9}.Release|Any CPU.ActiveCfg = Release|Any CPU
		{E45B7928-1A7E-4800-8D5B-1738E56CABA9}.Release|Any CPU.Build.0 = Release|Any CPU
	EndGlobalSection
	GlobalSection(SolutionProperties) = preSolution
		HideSolutionNode = FALSE
	EndGlobalSection
	GlobalSection(ExtensibilityGlobals) = postSolution
		SolutionGuid = {3FBDFD15-14F1-4DAC-96BB-3557087E3D44}
	EndGlobalSection
EndGlobal
