
Microsoft Visual Studio Solution File, Format Version 12.00
# Visual Studio 15
VisualStudioVersion = 15.0.27130.2027
MinimumVisualStudioVersion = 10.0.40219.1
Project("{FAE04EC0-301F-11D3-BF4B-00C04F79EFBC}") = "Exersice3.WPF", "Exersice2.WPF\Exersice3.WPF.csproj", "{A6C0A350-9DFD-4EED-A0A4-5604A8352989}"
EndProject
Global
	GlobalSection(SolutionConfigurationPlatforms) = preSolution
		Debug|Any CPU = Debug|Any CPU
		Release|Any CPU = Release|Any CPU
	EndGlobalSection
	GlobalSection(ProjectConfigurationPlatforms) = postSolution
		{A6C0A350-9DFD-4EED-A0A4-5604A8352989}.Debug|Any CPU.ActiveCfg = Debug|Any CPU
		{A6C0A350-9DFD-4EED-A0A4-5604A8352989}.Debug|Any CPU.Build.0 = Debug|Any CPU
		{A6C0A350-9DFD-4EED-A0A4-5604A8352989}.Release|Any CPU.ActiveCfg = Release|Any CPU
		{A6C0A350-9DFD-4EED-A0A4-5604A8352989}.Release|Any CPU.Build.0 = Release|Any CPU
	EndGlobalSection
	GlobalSection(SolutionProperties) = preSolution
		HideSolutionNode = FALSE
	EndGlobalSection
	GlobalSection(ExtensibilityGlobals) = postSolution
		SolutionGuid = {580E541A-9834-4610-A2A5-4870CDD284A6}
	EndGlobalSection
EndGlobal
