
Microsoft Visual Studio Solution File, Format Version 12.00
# Visual Studio 15
VisualStudioVersion = 15.0.27004.2005
MinimumVisualStudioVersion = 10.0.40219.1
Project("{FAE04EC0-301F-11D3-BF4B-00C04F79EFBC}") = "NHibernateVol1", "NHibernateVol1\NHibernateVol1.csproj", "{3E9517E0-10DB-43E1-83B7-F9272F236ED7}"
EndProject
Global
	GlobalSection(SolutionConfigurationPlatforms) = preSolution
		Debug|Any CPU = Debug|Any CPU
		Release|Any CPU = Release|Any CPU
	EndGlobalSection
	GlobalSection(ProjectConfigurationPlatforms) = postSolution
		{3E9517E0-10DB-43E1-83B7-F9272F236ED7}.Debug|Any CPU.ActiveCfg = Debug|Any CPU
		{3E9517E0-10DB-43E1-83B7-F9272F236ED7}.Debug|Any CPU.Build.0 = Debug|Any CPU
		{3E9517E0-10DB-43E1-83B7-F9272F236ED7}.Release|Any CPU.ActiveCfg = Release|Any CPU
		{3E9517E0-10DB-43E1-83B7-F9272F236ED7}.Release|Any CPU.Build.0 = Release|Any CPU
	EndGlobalSection
	GlobalSection(SolutionProperties) = preSolution
		HideSolutionNode = FALSE
	EndGlobalSection
	GlobalSection(ExtensibilityGlobals) = postSolution
		SolutionGuid = {E701E94A-CA2E-40DE-ABA1-D062B1AABE32}
	EndGlobalSection
EndGlobal
