
Microsoft Visual Studio Solution File, Format Version 12.00
# Visual Studio 15
VisualStudioVersion = 15.0.26430.16
MinimumVisualStudioVersion = 10.0.40219.1
Project("{FAE04EC0-301F-11D3-BF4B-00C04F79EFBC}") = "Array_test", "Array_test\Array_test.csproj", "{AFC20C71-9A4E-4D4D-A2CF-F6522D5658FF}"
EndProject
Global
	GlobalSection(SolutionConfigurationPlatforms) = preSolution
		Debug|Any CPU = Debug|Any CPU
		Release|Any CPU = Release|Any CPU
	EndGlobalSection
	GlobalSection(ProjectConfigurationPlatforms) = postSolution
		{AFC20C71-9A4E-4D4D-A2CF-F6522D5658FF}.Debug|Any CPU.ActiveCfg = Debug|Any CPU
		{AFC20C71-9A4E-4D4D-A2CF-F6522D5658FF}.Debug|Any CPU.Build.0 = Debug|Any CPU
		{AFC20C71-9A4E-4D4D-A2CF-F6522D5658FF}.Release|Any CPU.ActiveCfg = Release|Any CPU
		{AFC20C71-9A4E-4D4D-A2CF-F6522D5658FF}.Release|Any CPU.Build.0 = Release|Any CPU
	EndGlobalSection
	GlobalSection(SolutionProperties) = preSolution
		HideSolutionNode = FALSE
	EndGlobalSection
EndGlobal
