
Microsoft Visual Studio Solution File, Format Version 12.00
# Visual Studio 15
VisualStudioVersion = 15.0.27428.2005
MinimumVisualStudioVersion = 10.0.40219.1
Project("{FAE04EC0-301F-11D3-BF4B-00C04F79EFBC}") = "AcmeSales", "AcmeSales\AcmeSales.csproj", "{50EDC36B-A14D-4C45-B92C-5597E5081EA9}"
EndProject
Global
	GlobalSection(SolutionConfigurationPlatforms) = preSolution
		Debug|Any CPU = Debug|Any CPU
		Release|Any CPU = Release|Any CPU
	EndGlobalSection
	GlobalSection(ProjectConfigurationPlatforms) = postSolution
		{50EDC36B-A14D-4C45-B92C-5597E5081EA9}.Debug|Any CPU.ActiveCfg = Debug|Any CPU
		{50EDC36B-A14D-4C45-B92C-5597E5081EA9}.Debug|Any CPU.Build.0 = Debug|Any CPU
		{50EDC36B-A14D-4C45-B92C-5597E5081EA9}.Release|Any CPU.ActiveCfg = Release|Any CPU
		{50EDC36B-A14D-4C45-B92C-5597E5081EA9}.Release|Any CPU.Build.0 = Release|Any CPU
	EndGlobalSection
	GlobalSection(SolutionProperties) = preSolution
		HideSolutionNode = FALSE
	EndGlobalSection
	GlobalSection(ExtensibilityGlobals) = postSolution
		SolutionGuid = {106B4B88-97B2-45A5-A88B-30387100DDA8}
	EndGlobalSection
EndGlobal
